
Microsoft Visual Studio Solution File, Format Version 12.00
# Visual Studio Version 17
VisualStudioVersion = 17.12.35728.132
MinimumVisualStudioVersion = 10.0.40219.1
Project("{2150E333-8FDC-42A3-9474-1A3956D46DE8}") = "src", "src", "{BE9C52FB-3AA4-41F1-BCBA-992D1BA847A7}"
EndProject
Project("{2150E333-8FDC-42A3-9474-1A3956D46DE8}") = "tests", "tests", "{CDC28EB9-F7BD-4387-A22D-24D791530BEE}"
EndProject
Project("{FAE04EC0-301F-11D3-BF4B-00C04F79EFBC}") = "InsuranceRegistration.ServiceDefaults", "src\InsuranceRegistration.ServiceDefaults\InsuranceRegistration.ServiceDefaults.csproj", "{11A2F867-608A-4C8E-B159-45A76A1DF137}"
EndProject
Project("{FAE04EC0-301F-11D3-BF4B-00C04F79EFBC}") = "InsuranceRegistration.AppHost", "src\InsuranceRegistration.AppHost\InsuranceRegistration.AppHost.csproj", "{9EC9E6C5-8A39-47B3-AB2F-621F992786F5}"
EndProject
Project("{FAE04EC0-301F-11D3-BF4B-00C04F79EFBC}") = "InsuranceRegistration.API", "src\InsuranceRegistration.API\InsuranceRegistration.API.csproj", "{6F5AE211-EB86-477C-A8EF-BF39A8331137}"
EndProject
Project("{2150E333-8FDC-42A3-9474-1A3956D46DE8}") = "Aspire", "Aspire", "{8E9128B0-1A4D-47FA-B614-477C14760A6C}"
EndProject
Project("{FAE04EC0-301F-11D3-BF4B-00C04F79EFBC}") = "InsuranceRegistration.API.Tests", "test\InsuranceRegistration.API.Tests\InsuranceRegistration.API.Tests.csproj", "{503FDEB4-2E25-4314-951E-7B0AE74000BA}"
EndProject
Project("{FAE04EC0-301F-11D3-BF4B-00C04F79EFBC}") = "InsuranceRegistration.Infrastructure", "src\InsuranceRegistration.Infrastructure\InsuranceRegistration.Infrastructure.csproj", "{4FE0E980-8934-4707-BBEE-A476BECBBB06}"
EndProject
Project("{FAE04EC0-301F-11D3-BF4B-00C04F79EFBC}") = "InsuranceRegistration.Services", "src\InsuranceRegistration.Services\InsuranceRegistration.Services.csproj", "{304A23FB-5D69-41E4-85AB-CAEB36DC0F41}"
EndProject
Global
	GlobalSection(SolutionConfigurationPlatforms) = preSolution
		Debug|Any CPU = Debug|Any CPU
		Release|Any CPU = Release|Any CPU
	EndGlobalSection
	GlobalSection(ProjectConfigurationPlatforms) = postSolution
		{11A2F867-608A-4C8E-B159-45A76A1DF137}.Debug|Any CPU.ActiveCfg = Debug|Any CPU
		{11A2F867-608A-4C8E-B159-45A76A1DF137}.Debug|Any CPU.Build.0 = Debug|Any CPU
		{11A2F867-608A-4C8E-B159-45A76A1DF137}.Release|Any CPU.ActiveCfg = Release|Any CPU
		{11A2F867-608A-4C8E-B159-45A76A1DF137}.Release|Any CPU.Build.0 = Release|Any CPU
		{9EC9E6C5-8A39-47B3-AB2F-621F992786F5}.Debug|Any CPU.ActiveCfg = Debug|Any CPU
		{9EC9E6C5-8A39-47B3-AB2F-621F992786F5}.Debug|Any CPU.Build.0 = Debug|Any CPU
		{9EC9E6C5-8A39-47B3-AB2F-621F992786F5}.Release|Any CPU.ActiveCfg = Release|Any CPU
		{9EC9E6C5-8A39-47B3-AB2F-621F992786F5}.Release|Any CPU.Build.0 = Release|Any CPU
		{6F5AE211-EB86-477C-A8EF-BF39A8331137}.Debug|Any CPU.ActiveCfg = Debug|Any CPU
		{6F5AE211-EB86-477C-A8EF-BF39A8331137}.Debug|Any CPU.Build.0 = Debug|Any CPU
		{6F5AE211-EB86-477C-A8EF-BF39A8331137}.Release|Any CPU.ActiveCfg = Release|Any CPU
		{6F5AE211-EB86-477C-A8EF-BF39A8331137}.Release|Any CPU.Build.0 = Release|Any CPU
		{503FDEB4-2E25-4314-951E-7B0AE74000BA}.Debug|Any CPU.ActiveCfg = Debug|Any CPU
		{503FDEB4-2E25-4314-951E-7B0AE74000BA}.Debug|Any CPU.Build.0 = Debug|Any CPU
		{503FDEB4-2E25-4314-951E-7B0AE74000BA}.Release|Any CPU.ActiveCfg = Release|Any CPU
		{503FDEB4-2E25-4314-951E-7B0AE74000BA}.Release|Any CPU.Build.0 = Release|Any CPU
		{4FE0E980-8934-4707-BBEE-A476BECBBB06}.Debug|Any CPU.ActiveCfg = Debug|Any CPU
		{4FE0E980-8934-4707-BBEE-A476BECBBB06}.Debug|Any CPU.Build.0 = Debug|Any CPU
		{4FE0E980-8934-4707-BBEE-A476BECBBB06}.Release|Any CPU.ActiveCfg = Release|Any CPU
		{4FE0E980-8934-4707-BBEE-A476BECBBB06}.Release|Any CPU.Build.0 = Release|Any CPU
		{304A23FB-5D69-41E4-85AB-CAEB36DC0F41}.Debug|Any CPU.ActiveCfg = Debug|Any CPU
		{304A23FB-5D69-41E4-85AB-CAEB36DC0F41}.Debug|Any CPU.Build.0 = Debug|Any CPU
		{304A23FB-5D69-41E4-85AB-CAEB36DC0F41}.Release|Any CPU.ActiveCfg = Release|Any CPU
		{304A23FB-5D69-41E4-85AB-CAEB36DC0F41}.Release|Any CPU.Build.0 = Release|Any CPU
	EndGlobalSection
	GlobalSection(SolutionProperties) = preSolution
		HideSolutionNode = FALSE
	EndGlobalSection
	GlobalSection(NestedProjects) = preSolution
		{11A2F867-608A-4C8E-B159-45A76A1DF137} = {8E9128B0-1A4D-47FA-B614-477C14760A6C}
		{9EC9E6C5-8A39-47B3-AB2F-621F992786F5} = {8E9128B0-1A4D-47FA-B614-477C14760A6C}
		{6F5AE211-EB86-477C-A8EF-BF39A8331137} = {BE9C52FB-3AA4-41F1-BCBA-992D1BA847A7}
		{8E9128B0-1A4D-47FA-B614-477C14760A6C} = {BE9C52FB-3AA4-41F1-BCBA-992D1BA847A7}
		{503FDEB4-2E25-4314-951E-7B0AE74000BA} = {CDC28EB9-F7BD-4387-A22D-24D791530BEE}
		{4FE0E980-8934-4707-BBEE-A476BECBBB06} = {BE9C52FB-3AA4-41F1-BCBA-992D1BA847A7}
		{304A23FB-5D69-41E4-85AB-CAEB36DC0F41} = {BE9C52FB-3AA4-41F1-BCBA-992D1BA847A7}
	EndGlobalSection
EndGlobal
